
Microsoft Visual Studio Solution File, Format Version 12.00
# Visual Studio Version 16
VisualStudioVersion = 16.0.28803.202
MinimumVisualStudioVersion = 10.0.40219.1
Project("{FAE04EC0-301F-11D3-BF4B-00C04F79EFBC}") = "O_Shifter", "O_Shifter\O_Shifter.csproj", "{758778BA-CA67-4308-993C-60EF52EBDE24}"
EndProject
Global
	GlobalSection(SolutionConfigurationPlatforms) = preSolution
		Debug|Any CPU = Debug|Any CPU
		Release|Any CPU = Release|Any CPU
	EndGlobalSection
	GlobalSection(ProjectConfigurationPlatforms) = postSolution
		{758778BA-CA67-4308-993C-60EF52EBDE24}.Debug|Any CPU.ActiveCfg = Debug|Any CPU
		{758778BA-CA67-4308-993C-60EF52EBDE24}.Debug|Any CPU.Build.0 = Debug|Any CPU
		{758778BA-CA67-4308-993C-60EF52EBDE24}.Release|Any CPU.ActiveCfg = Release|Any CPU
		{758778BA-CA67-4308-993C-60EF52EBDE24}.Release|Any CPU.Build.0 = Release|Any CPU
	EndGlobalSection
	GlobalSection(SolutionProperties) = preSolution
		HideSolutionNode = FALSE
	EndGlobalSection
	GlobalSection(ExtensibilityGlobals) = postSolution
		SolutionGuid = {A3D437AA-677A-48B5-B008-6F1EF83C2A12}
	EndGlobalSection
EndGlobal
